github.com/Wildboar-Software/x500-go/teletex v0.1.8 h1:Bvjgzmlp9ab4xR17mehc3piY/krHsgMNOhTowT20GDc=
github.com/Wildboar-Software/x500-go/teletex v0.1.8/go.mod h1:t6u26EHjID3Hfv5L/u9DWPElmrLb4Z7l2l/cWLkBGro=
github.com/Wildboar-Software/x500-go/x500 v0.2.0 h1:WbucnxrLjS1K/BvEq45v919cyNwLyroeNN0suqvpIIQ=
github.com/Wildboar-Software/x500-go/x500 v0.2.0/go.mod h1:x9hAMbleAobCjwJU1UQifmdu/0EV8+JiOh2s1hxBXRA=
