github.com/Wildboar-Software/x500-go/teletex v0.1.8 h1:Bvjgzmlp9ab4xR17mehc3piY/krHsgMNOhTowT20GDc=
github.com/Wildboar-Software/x500-go/teletex v0.1.8/go.mod h1:t6u26EHjID3Hfv5L/u9DWPElmrLb4Z7l2l/cWLkBGro=
github.com/Wildboar-Software/x500-go/teletex v1.0.0 h1:UOaT6ofiKdBR37+wEeOi7nFPtXg/U4Z79XWBKy/LNNg=
github.com/Wildboar-Software/x500-go/teletex v1.0.0/go.mod h1:t6u26EHjID3Hfv5L/u9DWPElmrLb4Z7l2l/cWLkBGro=
github.com/Wildboar-Software/x500-go/x500 v0.2.0 h1:WbucnxrLjS1K/BvEq45v919cyNwLyroeNN0suqvpIIQ=
github.com/Wildboar-Software/x500-go/x500 v0.2.0/go.mod h1:x9hAMbleAobCjwJU1UQifmdu/0EV8+JiOh2s1hxBXRA=
github.com/Wildboar-Software/x500-go/x500 v1.0.1 h1:sMuEmpJEPum13XwnpmZOKhCsnOzjr42zfu1ZfXCK21k=
github.com/Wildboar-Software/x500-go/x500 v1.0.1/go.mod h1:jerHu82ePJVYJJ6NeBaXJD9olpmtdUgIJr1aV7WqIyQ=
github.com/Wildboar-Software/x500-go/x500 v1.0.5 h1:ULLrY1UyW8NCJbCHwvL7HKWbGuoEbOL93bOQ+md/UQI=
github.com/Wildboar-Software/x500-go/x500 v1.0.5/go.mod h1:lmQ1B4cQ7gw9kafSSxVf9FqUfHZPZUnC7fKR7OyU7Rs=
github.com/sosodev/duration v1.3.1 h1:qtHBDMQ6lvMQsL15g4aopM4HEfOaYuhWBw3NPTtlqq4=
github.com/sosodev/duration v1.3.1/go.mod h1:RQIBBX0+fMLc/D9+Jb/fwvVmo0eZvDDEERAikUR6SDg=
